// !$*UTF8*$!
{
	archiveVersion = 1;
	classes = {
	};
	objectVersion = 56;
	objects = {

/* Begin PBXBuildFile section */
		A1000001 /* MeetingReminderApp.swift in Sources */ = {isa = PBXBuildFile; fileRef = B1000001 /* MeetingReminderApp.swift */; };
		A1000002 /* MeetingEvent.swift in Sources */ = {isa = PBXBuildFile; fileRef = B1000002 /* MeetingEvent.swift */; };
		A1000003 /* CalendarService.swift in Sources */ = {isa = PBXBuildFile; fileRef = B1000003 /* CalendarService.swift */; };
		A1000004 /* MeetingMonitor.swift in Sources */ = {isa = PBXBuildFile; fileRef = B1000004 /* MeetingMonitor.swift */; };
		A1000005 /* VideoLinkDetector.swift in Sources */ = {isa = PBXBuildFile; fileRef = B1000005 /* VideoLinkDetector.swift */; };
		A1000006 /* MenuBarView.swift in Sources */ = {isa = PBXBuildFile; fileRef = B1000006 /* MenuBarView.swift */; };
		A1000007 /* OverlayWindow.swift in Sources */ = {isa = PBXBuildFile; fileRef = B1000007 /* OverlayWindow.swift */; };
		A1000008 /* OverlayView.swift in Sources */ = {isa = PBXBuildFile; fileRef = B1000008 /* OverlayView.swift */; };
		A1000009 /* SettingsView.swift in Sources */ = {isa = PBXBuildFile; fileRef = B1000009 /* SettingsView.swift */; };
		A100000A /* Assets.xcassets in Resources */ = {isa = PBXBuildFile; fileRef = B100000A /* Assets.xcassets */; };
/* End PBXBuildFile section */

/* Begin PBXFileReference section */
		B1000001 /* MeetingReminderApp.swift */ = {isa = PBXFileReference; lastKnownFileType = sourcecode.swift; path = MeetingReminderApp.swift; sourceTree = "<group>"; };
		B1000002 /* MeetingEvent.swift */ = {isa = PBXFileReference; lastKnownFileType = sourcecode.swift; path = MeetingEvent.swift; sourceTree = "<group>"; };
		B1000003 /* CalendarService.swift */ = {isa = PBXFileReference; lastKnownFileType = sourcecode.swift; path = CalendarService.swift; sourceTree = "<group>"; };
		B1000004 /* MeetingMonitor.swift */ = {isa = PBXFileReference; lastKnownFileType = sourcecode.swift; path = MeetingMonitor.swift; sourceTree = "<group>"; };
		B1000005 /* VideoLinkDetector.swift */ = {isa = PBXFileReference; lastKnownFileType = sourcecode.swift; path = VideoLinkDetector.swift; sourceTree = "<group>"; };
		B1000006 /* MenuBarView.swift */ = {isa = PBXFileReference; lastKnownFileType = sourcecode.swift; path = MenuBarView.swift; sourceTree = "<group>"; };
		B1000007 /* OverlayWindow.swift */ = {isa = PBXFileReference; lastKnownFileType = sourcecode.swift; path = OverlayWindow.swift; sourceTree = "<group>"; };
		B1000008 /* OverlayView.swift */ = {isa = PBXFileReference; lastKnownFileType = sourcecode.swift; path = OverlayView.swift; sourceTree = "<group>"; };
		B1000009 /* SettingsView.swift */ = {isa = PBXFileReference; lastKnownFileType = sourcecode.swift; path = SettingsView.swift; sourceTree = "<group>"; };
		B100000A /* Assets.xcassets */ = {isa = PBXFileReference; lastKnownFileType = folder.assetcatalog; path = Assets.xcassets; sourceTree = "<group>"; };
		B100000B /* Info.plist */ = {isa = PBXFileReference; lastKnownFileType = text.plist.xml; path = Info.plist; sourceTree = "<group>"; };
		B100000C /* MeetingReminder.entitlements */ = {isa = PBXFileReference; lastKnownFileType = text.plist.entitlements; path = MeetingReminder.entitlements; sourceTree = "<group>"; };
		B100000D /* MeetingReminder.app */ = {isa = PBXFileReference; explicitFileType = wrapper.application; includeInIndex = 0; path = MeetingReminder.app; sourceTree = BUILT_PRODUCTS_DIR; };
/* End PBXFileReference section */

/* Begin PBXFrameworksBuildPhase section */
		C1000001 /* Frameworks */ = {
			isa = PBXFrameworksBuildPhase;
			buildActionMask = 2147483647;
			files = (
			);
			runOnlyForDeploymentPostprocessing = 0;
		};
/* End PBXFrameworksBuildPhase section */

/* Begin PBXGroup section */
		D1000001 = {
			isa = PBXGroup;
			children = (
				D1000002 /* MeetingReminder */,
				D1000006 /* Products */,
			);
			sourceTree = "<group>";
		};
		D1000002 /* MeetingReminder */ = {
			isa = PBXGroup;
			children = (
				B1000001 /* MeetingReminderApp.swift */,
				D1000003 /* Models */,
				D1000004 /* Services */,
				D1000005 /* Views */,
				D1000007 /* Resources */,
				B100000B /* Info.plist */,
				B100000C /* MeetingReminder.entitlements */,
			);
			path = MeetingReminder;
			sourceTree = "<group>";
		};
		D1000003 /* Models */ = {
			isa = PBXGroup;
			children = (
				B1000002 /* MeetingEvent.swift */,
			);
			path = Models;
			sourceTree = "<group>";
		};
		D1000004 /* Services */ = {
			isa = PBXGroup;
			children = (
				B1000003 /* CalendarService.swift */,
				B1000004 /* MeetingMonitor.swift */,
				B1000005 /* VideoLinkDetector.swift */,
			);
			path = Services;
			sourceTree = "<group>";
		};
		D1000005 /* Views */ = {
			isa = PBXGroup;
			children = (
				B1000006 /* MenuBarView.swift */,
				B1000007 /* OverlayWindow.swift */,
				B1000008 /* OverlayView.swift */,
				B1000009 /* SettingsView.swift */,
			);
			path = Views;
			sourceTree = "<group>";
		};
		D1000006 /* Products */ = {
			isa = PBXGroup;
			children = (
				B100000D /* MeetingReminder.app */,
			);
			name = Products;
			sourceTree = "<group>";
		};
		D1000007 /* Resources */ = {
			isa = PBXGroup;
			children = (
				B100000A /* Assets.xcassets */,
			);
			path = Resources;
			sourceTree = "<group>";
		};
/* End PBXGroup section */

/* Begin PBXNativeTarget section */
		E1000001 /* MeetingReminder */ = {
			isa = PBXNativeTarget;
			buildConfigurationList = F1000003 /* Build configuration list for PBXNativeTarget "MeetingReminder" */;
			buildPhases = (
				C1000002 /* Sources */,
				C1000001 /* Frameworks */,
				C1000003 /* Resources */,
			);
			buildRules = (
			);
			dependencies = (
			);
			name = MeetingReminder;
			productName = MeetingReminder;
			productReference = B100000D /* MeetingReminder.app */;
			productType = "com.apple.product-type.application";
		};
/* End PBXNativeTarget section */

/* Begin PBXProject section */
		E1000002 /* Project object */ = {
			isa = PBXProject;
			attributes = {
				BuildIndependentTargetsInParallel = 1;
				LastSwiftUpdateCheck = 1500;
				LastUpgradeCheck = 1500;
			};
			buildConfigurationList = F1000001 /* Build configuration list for PBXProject "MeetingReminder" */;
			compatibilityVersion = "Xcode 14.0";
			developmentRegion = en;
			hasScannedForEncodings = 0;
			knownRegions = (
				en,
				Base,
			);
			mainGroup = D1000001;
			productRefGroup = D1000006 /* Products */;
			projectDirPath = "";
			projectRoot = "";
			targets = (
				E1000001 /* MeetingReminder */,
			);
		};
/* End PBXProject section */

/* Begin PBXResourcesBuildPhase section */
		C1000003 /* Resources */ = {
			isa = PBXResourcesBuildPhase;
			buildActionMask = 2147483647;
			files = (
				A100000A /* Assets.xcassets in Resources */,
			);
			runOnlyForDeploymentPostprocessing = 0;
		};
/* End PBXResourcesBuildPhase section */

/* Begin PBXSourcesBuildPhase section */
		C1000002 /* Sources */ = {
			isa = PBXSourcesBuildPhase;
			buildActionMask = 2147483647;
			files = (
				A1000001 /* MeetingReminderApp.swift in Sources */,
				A1000002 /* MeetingEvent.swift in Sources */,
				A1000003 /* CalendarService.swift in Sources */,
				A1000004 /* MeetingMonitor.swift in Sources */,
				A1000005 /* VideoLinkDetector.swift in Sources */,
				A1000006 /* MenuBarView.swift in Sources */,
				A1000007 /* OverlayWindow.swift in Sources */,
				A1000008 /* OverlayView.swift in Sources */,
				A1000009 /* SettingsView.swift in Sources */,
			);
			runOnlyForDeploymentPostprocessing = 0;
		};
/* End PBXSourcesBuildPhase section */

/* Begin XCBuildConfiguration section */
		F1000004 /* Debug */ = {
			isa = XCBuildConfiguration;
			buildSettings = {
				ALWAYS_SEARCH_USER_PATHS = NO;
				CLANG_ANALYZER_NONNULL = YES;
				CLANG_ENABLE_MODULES = YES;
				CLANG_ENABLE_OBJC_ARC = YES;
				COPY_PHASE_STRIP = NO;
				DEBUG_INFORMATION_FORMAT = dwarf;
				ENABLE_STRICT_OBJC_MSGSEND = YES;
				ENABLE_TESTABILITY = YES;
				GCC_DYNAMIC_NO_PIC = NO;
				GCC_OPTIMIZATION_LEVEL = 0;
				GCC_PREPROCESSOR_DEFINITIONS = (
					"DEBUG=1",
					"$(inherited)",
				);
				MACOSX_DEPLOYMENT_TARGET = 13.0;
				MTL_ENABLE_DEBUG_INFO = INCLUDE_SOURCE;
				ONLY_ACTIVE_ARCH = YES;
				SDKROOT = macosx;
				SWIFT_ACTIVE_COMPILATION_CONDITIONS = DEBUG;
				SWIFT_OPTIMIZATION_LEVEL = "-Onone";
			};
			name = Debug;
		};
		F1000005 /* Release */ = {
			isa = XCBuildConfiguration;
			buildSettings = {
				ALWAYS_SEARCH_USER_PATHS = NO;
				CLANG_ANALYZER_NONNULL = YES;
				CLANG_ENABLE_MODULES = YES;
				CLANG_ENABLE_OBJC_ARC = YES;
				COPY_PHASE_STRIP = NO;
				DEBUG_INFORMATION_FORMAT = "dwarf-with-dsym";
				ENABLE_NS_ASSERTIONS = NO;
				ENABLE_STRICT_OBJC_MSGSEND = YES;
				MACOSX_DEPLOYMENT_TARGET = 13.0;
				MTL_ENABLE_DEBUG_INFO = NO;
				SDKROOT = macosx;
				SWIFT_COMPILATION_MODE = wholemodule;
				SWIFT_OPTIMIZATION_LEVEL = "-O";
			};
			name = Release;
		};
		F1000006 /* Debug */ = {
			isa = XCBuildConfiguration;
			buildSettings = {
				ASSETCATALOG_COMPILER_APPICON_NAME = AppIcon;
				CODE_SIGN_ENTITLEMENTS = MeetingReminder/MeetingReminder.entitlements;
				CODE_SIGN_STYLE = Automatic;
				COMBINE_HIDPI_IMAGES = YES;
				CURRENT_PROJECT_VERSION = 1;
				GENERATE_INFOPLIST_FILE = NO;
				INFOPLIST_FILE = MeetingReminder/Info.plist;
				LD_RUNPATH_SEARCH_PATHS = (
					"$(inherited)",
					"@executable_path/../Frameworks",
				);
				MARKETING_VERSION = 1.0;
				PRODUCT_BUNDLE_IDENTIFIER = com.meetingreminder.app;
				PRODUCT_NAME = "$(TARGET_NAME)";
				SWIFT_EMIT_LOC_STRINGS = YES;
				SWIFT_VERSION = 5.0;
			};
			name = Debug;
		};
		F1000007 /* Release */ = {
			isa = XCBuildConfiguration;
			buildSettings = {
				ASSETCATALOG_COMPILER_APPICON_NAME = AppIcon;
				CODE_SIGN_ENTITLEMENTS = MeetingReminder/MeetingReminder.entitlements;
				CODE_SIGN_STYLE = Automatic;
				COMBINE_HIDPI_IMAGES = YES;
				CURRENT_PROJECT_VERSION = 1;
				GENERATE_INFOPLIST_FILE = NO;
				INFOPLIST_FILE = MeetingReminder/Info.plist;
				LD_RUNPATH_SEARCH_PATHS = (
					"$(inherited)",
					"@executable_path/../Frameworks",
				);
				MARKETING_VERSION = 1.0;
				PRODUCT_BUNDLE_IDENTIFIER = com.meetingreminder.app;
				PRODUCT_NAME = "$(TARGET_NAME)";
				SWIFT_EMIT_LOC_STRINGS = YES;
				SWIFT_VERSION = 5.0;
			};
			name = Release;
		};
/* End XCBuildConfiguration section */

/* Begin XCConfigurationList section */
		F1000001 /* Build configuration list for PBXProject "MeetingReminder" */ = {
			isa = XCConfigurationList;
			buildConfigurations = (
				F1000004 /* Debug */,
				F1000005 /* Release */,
			);
			defaultConfigurationIsVisible = 0;
			defaultConfigurationName = Release;
		};
		F1000003 /* Build configuration list for PBXNativeTarget "MeetingReminder" */ = {
			isa = XCConfigurationList;
			buildConfigurations = (
				F1000006 /* Debug */,
				F1000007 /* Release */,
			);
			defaultConfigurationIsVisible = 0;
			defaultConfigurationName = Release;
		};
/* End XCConfigurationList section */

	};
	rootObject = E1000002 /* Project object */;
}
